
Microsoft Visual Studio Solution File, Format Version 12.00
# Visual Studio Version 17
VisualStudioVersion = 17.0.32014.148
MinimumVisualStudioVersion = 10.0.40219.1
Project("{FAE04EC0-301F-11D3-BF4B-00C04F79EFBC}") = "DrillToolWeight", "DrillToolWeight.csproj", "{953C02F0-1BF4-486A-9E6E-1B58024BE17A}"
EndProject
Global
	GlobalSection(SolutionConfigurationPlatforms) = preSolution
		Debug|Any CPU = Debug|Any CPU
		Release|Any CPU = Release|Any CPU
	EndGlobalSection
	GlobalSection(ProjectConfigurationPlatforms) = postSolution
		{953C02F0-1BF4-486A-9E6E-1B58024BE17A}.Debug|Any CPU.ActiveCfg = Debug|Any CPU
		{953C02F0-1BF4-486A-9E6E-1B58024BE17A}.Debug|Any CPU.Build.0 = Debug|Any CPU
		{953C02F0-1BF4-486A-9E6E-1B58024BE17A}.Release|Any CPU.ActiveCfg = Release|Any CPU
		{953C02F0-1BF4-486A-9E6E-1B58024BE17A}.Release|Any CPU.Build.0 = Release|Any CPU
	EndGlobalSection
	GlobalSection(SolutionProperties) = preSolution
		HideSolutionNode = FALSE
	EndGlobalSection
	GlobalSection(ExtensibilityGlobals) = postSolution
		SolutionGuid = {F082195F-BE1B-4CCA-8DD4-B96238332339}
	EndGlobalSection
EndGlobal
